
Microsoft Visual Studio Solution File, Format Version 12.00
# Visual Studio Version 16
VisualStudioVersion = 16.0.31019.35
MinimumVisualStudioVersion = 10.0.40219.1
Project("{2150E333-8FDC-42A3-9474-1A3956D46DE8}") = "Feature", "Feature", "{44D6D31E-A5AC-4AEE-9FB6-B71B7708D6D9}"
EndProject
Project("{2150E333-8FDC-42A3-9474-1A3956D46DE8}") = "Foundation", "Foundation", "{EE7D1C38-50F8-452D-B67B-A26EBCEEFCB7}"
EndProject
Project("{2150E333-8FDC-42A3-9474-1A3956D46DE8}") = "Project", "Project", "{49CBBA1C-9D84-4CE4-A8E4-A5B7A20354D5}"
EndProject
Project("{FAE04EC0-301F-11D3-BF4B-00C04F79EFBC}") = "Strikers_Infy.Project.Website", "Project\Strikers_Infy.Project.Website\Strikers_Infy.Project.Website.csproj", "{A078F634-1FF0-4BBF-A3EF-B475F44E4DC6}"
EndProject
Project("{FAE04EC0-301F-11D3-BF4B-00C04F79EFBC}") = "Strikers_Infy.Foundation", "Foundation\Strikers_Infy.Foundation\Strikers_Infy.Foundation.csproj", "{95075F12-3749-4525-8509-20299A80547D}"
EndProject
Project("{FAE04EC0-301F-11D3-BF4B-00C04F79EFBC}") = "Strikers_Infy.Feature", "Feature\Strikers_Infy.Feature\Strikers_Infy.Feature.csproj", "{8DE6BA10-DD03-4196-A65E-3ACB93DF2CB6}"
EndProject
Global
	GlobalSection(SolutionConfigurationPlatforms) = preSolution
		Debug|Any CPU = Debug|Any CPU
		Release|Any CPU = Release|Any CPU
	EndGlobalSection
	GlobalSection(ProjectConfigurationPlatforms) = postSolution
		{A078F634-1FF0-4BBF-A3EF-B475F44E4DC6}.Debug|Any CPU.ActiveCfg = Debug|Any CPU
		{A078F634-1FF0-4BBF-A3EF-B475F44E4DC6}.Debug|Any CPU.Build.0 = Debug|Any CPU
		{A078F634-1FF0-4BBF-A3EF-B475F44E4DC6}.Release|Any CPU.ActiveCfg = Release|Any CPU
		{A078F634-1FF0-4BBF-A3EF-B475F44E4DC6}.Release|Any CPU.Build.0 = Release|Any CPU
		{95075F12-3749-4525-8509-20299A80547D}.Debug|Any CPU.ActiveCfg = Debug|Any CPU
		{95075F12-3749-4525-8509-20299A80547D}.Debug|Any CPU.Build.0 = Debug|Any CPU
		{95075F12-3749-4525-8509-20299A80547D}.Release|Any CPU.ActiveCfg = Release|Any CPU
		{95075F12-3749-4525-8509-20299A80547D}.Release|Any CPU.Build.0 = Release|Any CPU
		{8DE6BA10-DD03-4196-A65E-3ACB93DF2CB6}.Debug|Any CPU.ActiveCfg = Debug|Any CPU
		{8DE6BA10-DD03-4196-A65E-3ACB93DF2CB6}.Debug|Any CPU.Build.0 = Debug|Any CPU
		{8DE6BA10-DD03-4196-A65E-3ACB93DF2CB6}.Release|Any CPU.ActiveCfg = Release|Any CPU
		{8DE6BA10-DD03-4196-A65E-3ACB93DF2CB6}.Release|Any CPU.Build.0 = Release|Any CPU
	EndGlobalSection
	GlobalSection(SolutionProperties) = preSolution
		HideSolutionNode = FALSE
	EndGlobalSection
	GlobalSection(NestedProjects) = preSolution
		{A078F634-1FF0-4BBF-A3EF-B475F44E4DC6} = {49CBBA1C-9D84-4CE4-A8E4-A5B7A20354D5}
		{95075F12-3749-4525-8509-20299A80547D} = {EE7D1C38-50F8-452D-B67B-A26EBCEEFCB7}
		{8DE6BA10-DD03-4196-A65E-3ACB93DF2CB6} = {44D6D31E-A5AC-4AEE-9FB6-B71B7708D6D9}
	EndGlobalSection
	GlobalSection(ExtensibilityGlobals) = postSolution
		EnterpriseLibraryConfigurationToolBinariesPathV6 = packages\EnterpriseLibrary.Common.6.0.1304.0\lib\NET45;packages\EnterpriseLibrary.TransientFaultHandling.6.0.1304.0\lib\portable-net45+win+wp8;packages\EnterpriseLibrary.TransientFaultHandling.Caching.6.0.1304.0\lib\NET45;packages\EnterpriseLibrary.TransientFaultHandling.Data.6.0.1304.1\lib\NET45;packages\EnterpriseLibrary.TransientFaultHandling.ServiceBus.6.0.1304.0\lib\NET45;packages\EnterpriseLibrary.TransientFaultHandling.WindowsAzure.Storage.6.0.1304.0\lib\NET45;packages\EnterpriseLibrary.TransientFaultHandling.Configuration.6.0.1304.0\lib\NET45
		SolutionGuid = {A867A21D-FADC-42DB-9359-0D1328AE3ECB}
	EndGlobalSection
EndGlobal
